# This file is automatically @generated by Poetry 1.5.1 and should not be changed by hand.

[[package]]
name = "annotated-types"
version = "0.5.0"
description = "Reusable constraint types to use with typing.Annotated"
optional = false
python-versions = ">=3.7"
files = [
    {file = "annotated_types-0.5.0-py3-none-any.whl", hash = "sha256:58da39888f92c276ad970249761ebea80ba544b77acddaa1a4d6cf78287d45fd"},
    {file = "annotated_types-0.5.0.tar.gz", hash = "sha256:47cdc3490d9ac1506ce92c7aaa76c579dc3509ff11e098fc867e5130ab7be802"},
]

[package.dependencies]
typing-extensions = {version = ">=4.0.0", markers = "python_version < \"3.9\""}

[[package]]
name = "black"
version = "23.3.0"
description = "The uncompromising code formatter."
optional = false
python-versions = ">=3.7"
files = [
    {file = "black-23.3.0-cp310-cp310-macosx_10_16_arm64.whl", hash = "sha256:0945e13506be58bf7db93ee5853243eb368ace1c08a24c65ce108986eac65915"},
    {file = "black-23.3.0-cp310-cp310-macosx_10_16_universal2.whl", hash = "sha256:67de8d0c209eb5b330cce2469503de11bca4085880d62f1628bd9972cc3366b9"},
    {file = "black-23.3.0-cp310-cp310-macosx_10_16_x86_64.whl", hash = "sha256:7c3eb7cea23904399866c55826b31c1f55bbcd3890ce22ff70466b907b6775c2"},
    {file = "black-23.3.0-cp310-cp310-manylinux_2_17_x86_64.manylinux2014_x86_64.whl", hash = "sha256:32daa9783106c28815d05b724238e30718f34155653d4d6e125dc7daec8e260c"},
    {file = "black-23.3.0-cp310-cp310-win_amd64.whl", hash = "sha256:35d1381d7a22cc5b2be2f72c7dfdae4072a3336060635718cc7e1ede24221d6c"},
    {file = "black-23.3.0-cp311-cp311-macosx_10_16_arm64.whl", hash = "sha256:a8a968125d0a6a404842fa1bf0b349a568634f856aa08ffaff40ae0dfa52e7c6"},
    {file = "black-23.3.0-cp311-cp311-macosx_10_16_universal2.whl", hash = "sha256:c7ab5790333c448903c4b721b59c0d80b11fe5e9803d8703e84dcb8da56fec1b"},
    {file = "black-23.3.0-cp311-cp311-macosx_10_16_x86_64.whl", hash = "sha256:a6f6886c9869d4daae2d1715ce34a19bbc4b95006d20ed785ca00fa03cba312d"},
    {file = "black-23.3.0-cp311-cp311-manylinux_2_17_x86_64.manylinux2014_x86_64.whl", hash = "sha256:6f3c333ea1dd6771b2d3777482429864f8e258899f6ff05826c3a4fcc5ce3f70"},
    {file = "black-23.3.0-cp311-cp311-win_amd64.whl", hash = "sha256:11c410f71b876f961d1de77b9699ad19f939094c3a677323f43d7a29855fe326"},
    {file = "black-23.3.0-cp37-cp37m-macosx_10_16_x86_64.whl", hash = "sha256:1d06691f1eb8de91cd1b322f21e3bfc9efe0c7ca1f0e1eb1db44ea367dff656b"},
    {file = "black-23.3.0-cp37-cp37m-manylinux_2_17_x86_64.manylinux2014_x86_64.whl", hash = "sha256:50cb33cac881766a5cd9913e10ff75b1e8eb71babf4c7104f2e9c52da1fb7de2"},
    {file = "black-23.3.0-cp37-cp37m-win_amd64.whl", hash = "sha256:e114420bf26b90d4b9daa597351337762b63039752bdf72bf361364c1aa05925"},
    {file = "black-23.3.0-cp38-cp38-macosx_10_16_arm64.whl", hash = "sha256:48f9d345675bb7fbc3dd85821b12487e1b9a75242028adad0333ce36ed2a6d27"},
    {file = "black-23.3.0-cp38-cp38-macosx_10_16_universal2.whl", hash = "sha256:714290490c18fb0126baa0fca0a54ee795f7502b44177e1ce7624ba1c00f2331"},
    {file = "black-23.3.0-cp38-cp38-macosx_10_16_x86_64.whl", hash = "sha256:064101748afa12ad2291c2b91c960be28b817c0c7eaa35bec09cc63aa56493c5"},
    {file = "black-23.3.0-cp38-cp38-manylinux_2_17_x86_64.manylinux2014_x86_64.whl", hash = "sha256:562bd3a70495facf56814293149e51aa1be9931567474993c7942ff7d3533961"},
    {file = "black-23.3.0-cp38-cp38-win_amd64.whl", hash = "sha256:e198cf27888ad6f4ff331ca1c48ffc038848ea9f031a3b40ba36aced7e22f2c8"},
    {file = "black-23.3.0-cp39-cp39-macosx_10_16_arm64.whl", hash = "sha256:3238f2aacf827d18d26db07524e44741233ae09a584273aa059066d644ca7b30"},
    {file = "black-23.3.0-cp39-cp39-macosx_10_16_universal2.whl", hash = "sha256:f0bd2f4a58d6666500542b26354978218a9babcdc972722f4bf90779524515f3"},
    {file = "black-23.3.0-cp39-cp39-macosx_10_16_x86_64.whl", hash = "sha256:92c543f6854c28a3c7f39f4d9b7694f9a6eb9d3c5e2ece488c327b6e7ea9b266"},
    {file = "black-23.3.0-cp39-cp39-manylinux_2_17_x86_64.manylinux2014_x86_64.whl", hash = "sha256:3a150542a204124ed00683f0db1f5cf1c2aaaa9cc3495b7a3b5976fb136090ab"},
    {file = "black-23.3.0-cp39-cp39-win_amd64.whl", hash = "sha256:6b39abdfb402002b8a7d030ccc85cf5afff64ee90fa4c5aebc531e3ad0175ddb"},
    {file = "black-23.3.0-py3-none-any.whl", hash = "sha256:ec751418022185b0c1bb7d7736e6933d40bbb14c14a0abcf9123d1b159f98dd4"},
    {file = "black-23.3.0.tar.gz", hash = "sha256:1c7b8d606e728a41ea1ccbd7264677e494e87cf630e399262ced92d4a8dac940"},
]

[package.dependencies]
click = ">=8.0.0"
mypy-extensions = ">=0.4.3"
packaging = ">=22.0"
pathspec = ">=0.9.0"
platformdirs = ">=2"
tomli = {version = ">=1.1.0", markers = "python_version < \"3.11\""}
typing-extensions = {version = ">=3.10.0.0", markers = "python_version < \"3.10\""}

[package.extras]
colorama = ["colorama (>=0.4.3)"]
d = ["aiohttp (>=3.7.4)"]
jupyter = ["ipython (>=7.8.0)", "tokenize-rt (>=3.2.0)"]
uvloop = ["uvloop (>=0.15.2)"]

[[package]]
name = "cfgv"
version = "3.2.0"
description = "Validate configuration and produce human readable error messages."
optional = false
python-versions = ">=3.6.1"
files = [
    {file = "cfgv-3.2.0-py2.py3-none-any.whl", hash = "sha256:32e43d604bbe7896fe7c248a9c2276447dbef840feb28fe20494f62af110211d"},
    {file = "cfgv-3.2.0.tar.gz", hash = "sha256:cf22deb93d4bcf92f345a5c3cd39d3d41d6340adc60c78bbbd6588c384fda6a1"},
]

[[package]]
name = "click"
version = "8.1.3"
description = "Composable command line interface toolkit"
optional = false
python-versions = ">=3.7"
files = [
    {file = "click-8.1.3-py3-none-any.whl", hash = "sha256:bb4d8133cb15a609f44e8213d9b391b0809795062913b383c62be0ee95b1db48"},
    {file = "click-8.1.3.tar.gz", hash = "sha256:7682dc8afb30297001674575ea00d1814d808d6a36af415a82bd481d37ba7b8e"},
]

[package.dependencies]
colorama = {version = "*", markers = "platform_system == \"Windows\""}

[[package]]
name = "colorama"
version = "0.4.6"
description = "Cross-platform colored terminal text."
optional = false
python-versions = "!=3.0.*,!=3.1.*,!=3.2.*,!=3.3.*,!=3.4.*,!=3.5.*,!=3.6.*,>=2.7"
files = [
    {file = "colorama-0.4.6-py2.py3-none-any.whl", hash = "sha256:4f1d9991f5acc0ca119f9d443620b77f9d6b33703e51011c16baf57afb285fc6"},
    {file = "colorama-0.4.6.tar.gz", hash = "sha256:08695f5cb7ed6e0531a20572697297273c47b8cae5a63ffc6d6ed5c201be6e44"},
]

[[package]]
name = "distlib"
version = "0.3.6"
description = "Distribution utilities"
optional = false
python-versions = "*"
files = [
    {file = "distlib-0.3.6-py2.py3-none-any.whl", hash = "sha256:f35c4b692542ca110de7ef0bea44d73981caeb34ca0b9b6b2e6d7790dda8f80e"},
    {file = "distlib-0.3.6.tar.gz", hash = "sha256:14bad2d9b04d3a36127ac97f30b12a19268f211063d8f8ee4f47108896e11b46"},
]

[[package]]
name = "filelock"
version = "3.10.7"
description = "A platform independent file lock."
optional = false
python-versions = ">=3.7"
files = [
    {file = "filelock-3.10.7-py3-none-any.whl", hash = "sha256:bde48477b15fde2c7e5a0713cbe72721cb5a5ad32ee0b8f419907960b9d75536"},
    {file = "filelock-3.10.7.tar.gz", hash = "sha256:892be14aa8efc01673b5ed6589dbccb95f9a8596f0507e232626155495c18105"},
]

[package.extras]
docs = ["furo (>=2022.12.7)", "sphinx (>=6.1.3)", "sphinx-autodoc-typehints (>=1.22,!=1.23.4)"]
testing = ["covdefaults (>=2.3)", "coverage (>=7.2.2)", "diff-cover (>=7.5)", "pytest (>=7.2.2)", "pytest-cov (>=4)", "pytest-mock (>=3.10)", "pytest-timeout (>=2.1)"]

[[package]]
name = "gitdb"
version = "4.0.5"
description = "Git Object Database"
optional = false
python-versions = ">=3.4"
files = [
    {file = "gitdb-4.0.5-py3-none-any.whl", hash = "sha256:91f36bfb1ab7949b3b40e23736db18231bf7593edada2ba5c3a174a7b23657ac"},
    {file = "gitdb-4.0.5.tar.gz", hash = "sha256:c9e1f2d0db7ddb9a704c2a0217be31214e91a4fe1dea1efad19ae42ba0c285c9"},
]

[package.dependencies]
smmap = ">=3.0.1,<4"

[[package]]
name = "gitpython"
version = "3.1.27"
description = "GitPython is a python library used to interact with Git repositories"
optional = false
python-versions = ">=3.7"
files = [
    {file = "GitPython-3.1.27-py3-none-any.whl", hash = "sha256:5b68b000463593e05ff2b261acff0ff0972df8ab1b70d3cdbd41b546c8b8fc3d"},
    {file = "GitPython-3.1.27.tar.gz", hash = "sha256:1c885ce809e8ba2d88a29befeb385fcea06338d3640712b59ca623c220bb5704"},
]

[package.dependencies]
gitdb = ">=4.0.1,<5"

[[package]]
name = "identify"
version = "1.5.10"
description = "File identification library for Python"
optional = false
python-versions = "!=3.0.*,!=3.1.*,!=3.2.*,!=3.3.*,>=2.7"
files = [
    {file = "identify-1.5.10-py2.py3-none-any.whl", hash = "sha256:cc86e6a9a390879dcc2976cef169dd9cc48843ed70b7380f321d1b118163c60e"},
    {file = "identify-1.5.10.tar.gz", hash = "sha256:943cd299ac7f5715fcb3f684e2fc1594c1e0f22a90d15398e5888143bd4144b5"},
]

[package.extras]
license = ["editdistance"]

[[package]]
name = "more-itertools"
version = "9.1.0"
description = "More routines for operating on iterables, beyond itertools"
optional = false
python-versions = ">=3.7"
files = [
    {file = "more-itertools-9.1.0.tar.gz", hash = "sha256:cabaa341ad0389ea83c17a94566a53ae4c9d07349861ecb14dc6d0345cf9ac5d"},
    {file = "more_itertools-9.1.0-py3-none-any.whl", hash = "sha256:d2bc7f02446e86a68911e58ded76d6561eea00cddfb2a91e7019bbb586c799f3"},
]

[[package]]
name = "mypy-extensions"
version = "0.4.3"
description = "Experimental type system extensions for programs checked with the mypy typechecker."
optional = false
python-versions = "*"
files = [
    {file = "mypy_extensions-0.4.3-py2.py3-none-any.whl", hash = "sha256:090fedd75945a69ae91ce1303b5824f428daf5a028d2f6ab8a299250a846f15d"},
    {file = "mypy_extensions-0.4.3.tar.gz", hash = "sha256:2d82818f5bb3e369420cb3c4060a7970edba416647068eb4c5343488a6c604a8"},
]

[[package]]
name = "nodeenv"
version = "1.5.0"
description = "Node.js virtual environment builder"
optional = false
python-versions = "*"
files = [
    {file = "nodeenv-1.5.0-py2.py3-none-any.whl", hash = "sha256:5304d424c529c997bc888453aeaa6362d242b6b4631e90f3d4bf1b290f1c84a9"},
    {file = "nodeenv-1.5.0.tar.gz", hash = "sha256:ab45090ae383b716c4ef89e690c41ff8c2b257b85b309f01f3654df3d084bd7c"},
]

[[package]]
name = "packaging"
version = "23.0"
description = "Core utilities for Python packages"
optional = false
python-versions = ">=3.7"
files = [
    {file = "packaging-23.0-py3-none-any.whl", hash = "sha256:714ac14496c3e68c99c29b00845f7a2b85f3bb6f1078fd9f72fd20f0570002b2"},
    {file = "packaging-23.0.tar.gz", hash = "sha256:b6ad297f8907de0fa2fe1ccbd26fdaf387f5f47c7275fedf8cce89f99446cf97"},
]

[[package]]
name = "pathspec"
version = "0.9.0"
description = "Utility library for gitignore style pattern matching of file paths."
optional = false
python-versions = "!=3.0.*,!=3.1.*,!=3.2.*,!=3.3.*,!=3.4.*,>=2.7"
files = [
    {file = "pathspec-0.9.0-py2.py3-none-any.whl", hash = "sha256:7d15c4ddb0b5c802d161efc417ec1a2558ea2653c2e8ad9c19098201dc1c993a"},
    {file = "pathspec-0.9.0.tar.gz", hash = "sha256:e564499435a2673d586f6b2130bb5b95f04a3ba06f81b8f895b651a3c76aabb1"},
]

[[package]]
name = "platformdirs"
version = "2.4.0"
description = "A small Python module for determining appropriate platform-specific dirs, e.g. a \"user data dir\"."
optional = false
python-versions = ">=3.6"
files = [
    {file = "platformdirs-2.4.0-py3-none-any.whl", hash = "sha256:8868bbe3c3c80d42f20156f22e7131d2fb321f5bc86a2a345375c6481a67021d"},
    {file = "platformdirs-2.4.0.tar.gz", hash = "sha256:367a5e80b3d04d2428ffa76d33f124cf11e8fff2acdaa9b43d545f5c7d661ef2"},
]

[package.extras]
docs = ["Sphinx (>=4)", "furo (>=2021.7.5b38)", "proselint (>=0.10.2)", "sphinx-autodoc-typehints (>=1.12)"]
test = ["appdirs (==1.4.4)", "pytest (>=6)", "pytest-cov (>=2.7)", "pytest-mock (>=3.6)"]

[[package]]
name = "pre-commit"
version = "3.2.2"
description = "A framework for managing and maintaining multi-language pre-commit hooks."
optional = false
python-versions = ">=3.8"
files = [
    {file = "pre_commit-3.2.2-py2.py3-none-any.whl", hash = "sha256:0b4210aea813fe81144e87c5a291f09ea66f199f367fa1df41b55e1d26e1e2b4"},
    {file = "pre_commit-3.2.2.tar.gz", hash = "sha256:5b808fcbda4afbccf6d6633a56663fed35b6c2bc08096fd3d47ce197ac351d9d"},
]

[package.dependencies]
cfgv = ">=2.0.0"
identify = ">=1.0.0"
nodeenv = ">=0.11.1"
pyyaml = ">=5.1"
virtualenv = ">=20.10.0"

[[package]]
name = "pydantic"
version = "2.0"
description = "Data validation using Python type hints"
optional = false
python-versions = ">=3.7"
files = [
    {file = "pydantic-2.0-py3-none-any.whl", hash = "sha256:8bf7355be5e1207c756dfbc8046236dadd4ce04101fb482e6c8834a06d9aa04f"},
    {file = "pydantic-2.0.tar.gz", hash = "sha256:6e313661b310eb5b2c45168ce05d8dd79f57563adaf3906162a917585576b846"},
]

[package.dependencies]
annotated-types = ">=0.4.0"
pydantic-core = "2.0.1"
typing-extensions = ">=4.6.1"

[package.extras]
email = ["email-validator (>=2.0.0)"]

[[package]]
name = "pydantic-core"
version = "2.0.1"
description = ""
optional = false
python-versions = ">=3.7"
files = [
    {file = "pydantic_core-2.0.1-cp310-cp310-macosx_10_7_x86_64.whl", hash = "sha256:92b01e166a3b69e8054308709acabec1bae65dae83ba6329f4fcc8448e170a06"},
    {file = "pydantic_core-2.0.1-cp310-cp310-macosx_11_0_arm64.whl", hash = "sha256:ae53240f9f92f634b73a3e5ee87b9ec8ac38d5bee96ea65034af58f48d489a65"},
    {file = "pydantic_core-2.0.1-cp310-cp310-manylinux_2_17_aarch64.manylinux2014_aarch64.whl", hash = "sha256:e0dd6bb98271519a309e96e927b52f8ca1323a99762bec87cda8fdaaa221e5cd"},
    {file = "pydantic_core-2.0.1-cp310-cp310-manylinux_2_17_x86_64.manylinux2014_x86_64.whl", hash = "sha256:c656b8d4603af6744ed2f2c0be499790f0913a2186ef7214c88d47d42051ae4b"},
    {file = "pydantic_core-2.0.1-cp310-cp310-manylinux_2_24_armv7l.whl", hash = "sha256:ddbad540cba15b5262bd800bb6f0746a4ac719de0fe0a2acab8e0d50eb54ba9a"},
    {file = "pydantic_core-2.0.1-cp310-cp310-manylinux_2_24_ppc64le.whl", hash = "sha256:e2e9025e132761e7ea8dab448923ccd8839c60199e863a6348d7e8b1a674edd1"},
    {file = "pydantic_core-2.0.1-cp310-cp310-manylinux_2_24_s390x.whl", hash = "sha256:ac6a57d01c0b67563dd273f2b71e9aab643573b569a202bfff7dad502b0b8ee0"},
    {file = "pydantic_core-2.0.1-cp310-cp310-manylinux_2_5_i686.manylinux1_i686.whl", hash = "sha256:44c8cec1d74d74c29da59c86e8cd472851c85b44d75128096ef3751c5c87c204"},
    {file = "pydantic_core-2.0.1-cp310-cp310-musllinux_1_1_aarch64.whl", hash = "sha256:76d5d18ef9065ecbf62d6ec82c45ddbb47174a7400eb780040a7ebdad1c0ead8"},
    {file = "pydantic_core-2.0.1-cp310-cp310-musllinux_1_1_x86_64.whl", hash = "sha256:722aa193ba1f587226991a789a3f098235b5f04e85cf815af9e8ad823a5a85e1"},
    {file = "pydantic_core-2.0.1-cp310-none-win32.whl", hash = "sha256:16977790d69bac6034baa2349326db2ff465ad346c53b8d54c3674e05b070af2"},
    {file = "pydantic_core-2.0.1-cp310-none-win_amd64.whl", hash = "sha256:0fcdb43190588f6219709b43ffa679e562c0d4a44a50aafb6cc88978da4a84b7"},
    {file = "pydantic_core-2.0.1-cp311-cp311-macosx_10_7_x86_64.whl", hash = "sha256:73c464afa0a959472045f242ef7cdaf6a38b76a6d7dfa1ef270de0967c04408d"},
    {file = "pydantic_core-2.0.1-cp311-cp311-macosx_11_0_arm64.whl", hash = "sha256:ab7eafb33fdc7aa8667634be58a3d1c8ed3fa8923c6bc5014657bf95b51b4a46"},
    {file = "pydantic_core-2.0.1-cp311-cp311-manylinux_2_17_aarch64.manylinux2014_aarch64.whl", hash = "sha256:6cf3e484bc8e8c8a568d572a6619696d7e2e2aef214b0be503f0814f8bafca9f"},
    {file = "pydantic_core-2.0.1-cp311-cp311-manylinux_2_17_x86_64.manylinux2014_x86_64.whl", hash = "sha256:bc99af5be239961d718bbf8e4d6bd1caa6de556e44ed08eb5135cfbefc958728"},
    {file = "pydantic_core-2.0.1-cp311-cp311-manylinux_2_24_armv7l.whl", hash = "sha256:e55fc76ce657208c0d7e21e2e96925993dd4063d5c5ee9227dcdf4e550c02a29"},
    {file = "pydantic_core-2.0.1-cp311-cp311-manylinux_2_24_ppc64le.whl", hash = "sha256:ccb06e1667a9784a96e0fc2500b989b8afbe9ac68a39a3c806c056ee228eff3c"},
    {file = "pydantic_core-2.0.1-cp311-cp311-manylinux_2_24_s390x.whl", hash = "sha256:b23ae8b27b6eff72909a9a88123ac28b746d95f25927ce67d3b0f3dabe099a0a"},
    {file = "pydantic_core-2.0.1-cp311-cp311-manylinux_2_5_i686.manylinux1_i686.whl", hash = "sha256:6387c2956baf16891e7bc20d864a769c0f9f61799d4895c8f493e2de8f7b88aa"},
    {file = "pydantic_core-2.0.1-cp311-cp311-musllinux_1_1_aarch64.whl", hash = "sha256:1c855ef11370eacff25556658fb7fa243e8c0bd4235fa20a0f473bded2ede252"},
    {file = "pydantic_core-2.0.1-cp311-cp311-musllinux_1_1_x86_64.whl", hash = "sha256:f9452d470012ee86a00a36f7673843038fd1a88661a28c72e65e7f3f084da8d8"},
    {file = "pydantic_core-2.0.1-cp311-none-win32.whl", hash = "sha256:0872a1c52da4cfc494e23c83532c7fc1313de311a14334b7a58216a8dea828e0"},
    {file = "pydantic_core-2.0.1-cp311-none-win_amd64.whl", hash = "sha256:7a4fc3e8c788798739f4aa6772d994e4453a17dadb1b8eea4582a31cdfe683d2"},
    {file = "pydantic_core-2.0.1-cp37-cp37m-macosx_10_7_x86_64.whl", hash = "sha256:ddb23eaf427dbbde41b543d98a0c4a7aeb73bf649e3faa75b94a2fd882a669ba"},
    {file = "pydantic_core-2.0.1-cp37-cp37m-macosx_11_0_arm64.whl", hash = "sha256:4eda2b350b02293c7060f2371ad3ce7b00342bd61c8654d2ba374bd10c6b6b66"},
    {file = "pydantic_core-2.0.1-cp37-cp37m-manylinux_2_17_aarch64.manylinux2014_aarch64.whl", hash = "sha256:7727a4fcb93572d4e521b028f1c64f1eda2da49d506b1a6208576faa9e0acd64"},
    {file = "pydantic_core-2.0.1-cp37-cp37m-manylinux_2_17_x86_64.manylinux2014_x86_64.whl", hash = "sha256:007cdcee7e1a40951768d0d250e566b603e25d0fa8b8302901e38560bc9badf9"},
    {file = "pydantic_core-2.0.1-cp37-cp37m-manylinux_2_24_armv7l.whl", hash = "sha256:89123ab11a23fa9c332655933350dc231945ca6b1148c1e1960aad0a5a6de1c0"},
    {file = "pydantic_core-2.0.1-cp37-cp37m-manylinux_2_24_ppc64le.whl", hash = "sha256:03d12c44decb122d5feede5408cc6c67e506b64016ce4b59c825d1a8c90f288a"},
    {file = "pydantic_core-2.0.1-cp37-cp37m-manylinux_2_24_s390x.whl", hash = "sha256:ff015389ae4ca6869a2fdd16c21ee1ce7c134503f2148efd46db643ce27ca520"},
    {file = "pydantic_core-2.0.1-cp37-cp37m-manylinux_2_5_i686.manylinux1_i686.whl", hash = "sha256:8daded5c64811da4bdc7d6792afa10328bff5c3514536f69457596d4a2646b49"},
    {file = "pydantic_core-2.0.1-cp37-cp37m-musllinux_1_1_aarch64.whl", hash = "sha256:a1dd1b182fde9f95f1cc28964612fb1b180fdd3ca2cac881c108db29906b2e01"},
    {file = "pydantic_core-2.0.1-cp37-cp37m-musllinux_1_1_x86_64.whl", hash = "sha256:c8e53bae6e58a8ff8e93f9a77440cfe8fc017bb9a8430dc03beb6bdd648572d2"},
    {file = "pydantic_core-2.0.1-cp37-none-win32.whl", hash = "sha256:a7d0de538719feda5cabf19c63cc17345df6a0ab579b95518925d2b25276daaf"},
    {file = "pydantic_core-2.0.1-cp37-none-win_amd64.whl", hash = "sha256:1bb6d1057c054056614aefeced05299d3590acf76768538b34ebec9cbbf26953"},
    {file = "pydantic_core-2.0.1-cp38-cp38-macosx_10_7_x86_64.whl", hash = "sha256:9ee1c2d0cf5c92faf722ff366814859c764c82b30af7f91b9b1950e15efecb9e"},
    {file = "pydantic_core-2.0.1-cp38-cp38-macosx_11_0_arm64.whl", hash = "sha256:adc2efaf0c45135214dff4d18d4aaf2b692249cb369f921fe0fde3a13cf7ddad"},
    {file = "pydantic_core-2.0.1-cp38-cp38-manylinux_2_17_aarch64.manylinux2014_aarch64.whl", hash = "sha256:8927c166f20e3933cc9a9a68701acc8de22ee54b70d8c4044ad461b043b3cf9b"},
    {file = "pydantic_core-2.0.1-cp38-cp38-manylinux_2_17_x86_64.manylinux2014_x86_64.whl", hash = "sha256:adbfc6c7ddd1cca6efe62a0292cae7cf2d05c9ebb139d0da10b0d44346e253c7"},
    {file = "pydantic_core-2.0.1-cp38-cp38-manylinux_2_24_armv7l.whl", hash = "sha256:659f22427d653769d1b4c672fd2daf53e639a5a93b0dd6fc0b37ef822a6e77d7"},
    {file = "pydantic_core-2.0.1-cp38-cp38-manylinux_2_24_ppc64le.whl", hash = "sha256:71cf43912edeae476f47d16520e48bddbf9af0ebdd98961c38ca8944f4f22b9d"},
    {file = "pydantic_core-2.0.1-cp38-cp38-manylinux_2_24_s390x.whl", hash = "sha256:10736490eacc426d681ae6f00f1d8ce01fc77c45086a597e829c3eed127179b1"},
    {file = "pydantic_core-2.0.1-cp38-cp38-manylinux_2_5_i686.manylinux1_i686.whl", hash = "sha256:5f3158cb4cda580f3b063b03257c7f5c2d9e66f9c2a93466c76056f7c4d5a3b7"},
    {file = "pydantic_core-2.0.1-cp38-cp38-musllinux_1_1_aarch64.whl", hash = "sha256:8ca5a743af642700fc69dc64e0b964dd7499dcabb399e5cc2223fbc9cb33965d"},
    {file = "pydantic_core-2.0.1-cp38-cp38-musllinux_1_1_x86_64.whl", hash = "sha256:fa5a3d49ddbeaa80bb2a8927b90e9cdd43373616ba0b7b7a74a3ae33b5c9640c"},
    {file = "pydantic_core-2.0.1-cp38-none-win32.whl", hash = "sha256:d6e21da7f7e3935b24bfd17d7c3eefe4c1edca380edaec854a8593796d8d96f1"},
    {file = "pydantic_core-2.0.1-cp38-none-win_amd64.whl", hash = "sha256:0b154abef540a76bb2b7a641b3ae1e05e5c4b08eb9ad6c27a217b3c64ffcda0b"},
    {file = "pydantic_core-2.0.1-cp39-cp39-macosx_10_7_x86_64.whl", hash = "sha256:aad8b177370002f73f08eafefa3d969d9c4498da6d67d8a43ffdeb4b4e560e1c"},
    {file = "pydantic_core-2.0.1-cp39-cp39-macosx_11_0_arm64.whl", hash = "sha256:9cf1ba93657cad863d23ecb09227665c0abe26c131acd24abb5edc6249a36a70"},
    {file = "pydantic_core-2.0.1-cp39-cp39-manylinux_2_17_aarch64.manylinux2014_aarch64.whl", hash = "sha256:79225132aa1fe97a5e947da820b323d63372fb3475d94ff81ca6f91669717a01"},
    {file = "pydantic_core-2.0.1-cp39-cp39-manylinux_2_17_x86_64.manylinux2014_x86_64.whl", hash = "sha256:7bd78c4f04794a8e527d32c8ec1a26682b35b5c9347bb6e3cc853ba1a43c72a5"},
    {file = "pydantic_core-2.0.1-cp39-cp39-manylinux_2_24_armv7l.whl", hash = "sha256:bb2daa4e3d4efbf2e2dedc1a7cea3e48ff12d0c95ab2011e7f731bdc97d16ed0"},
    {file = "pydantic_core-2.0.1-cp39-cp39-manylinux_2_24_ppc64le.whl", hash = "sha256:958964a0ad0cea700b25037b21f5a2da38d19bddaa2f15ce36f51c048a9efe92"},
    {file = "pydantic_core-2.0.1-cp39-cp39-manylinux_2_24_s390x.whl", hash = "sha256:e0edd3c6762b3ff3fdbd90517a09808e5d67cce86d7c43ec6f5ca3f65bfe7fd9"},
    {file = "pydantic_core-2.0.1-cp39-cp39-manylinux_2_5_i686.manylinux1_i686.whl", hash = "sha256:e76a9b0c2b2fb29a80764e106b1ea35c1b96a4e62e7ce7dde44f5df153fd5b66"},
    {file = "pydantic_core-2.0.1-cp39-cp39-musllinux_1_1_aarch64.whl", hash = "sha256:88fc72e60d818924cb3d32948b682bcea0dadd0fd2efae9a4d0b7a55e310908a"},
    {file = "pydantic_core-2.0.1-cp39-cp39-musllinux_1_1_x86_64.whl", hash = "sha256:c04aa22ded4baf29c3c1ec3b76d5264dd91794b974a737251fdd0827abcc2c78"},
    {file = "pydantic_core-2.0.1-cp39-none-win32.whl", hash = "sha256:4372e8fcb458aad1e155c04e663ff1840f36b859fb1422578372712a78866051"},
    {file = "pydantic_core-2.0.1-cp39-none-win_amd64.whl", hash = "sha256:c5fef2dc7ed589ea83ac5ce526fcb8e8eb0ab79bfa67f958dafbda0a05ab3018"},
    {file = "pydantic_core-2.0.1-pp37-pypy37_pp73-macosx_10_7_x86_64.whl", hash = "sha256:e4785a8c5440e410394f88e30c3db862ed05841595311ddc969b3fde377f95ea"},
    {file = "pydantic_core-2.0.1-pp37-pypy37_pp73-manylinux_2_17_aarch64.manylinux2014_aarch64.whl", hash = "sha256:5e90b99b6aa9fd6eee6d6f86921d38252c6e55c319dc6c5e411922d0dc173825"},
    {file = "pydantic_core-2.0.1-pp37-pypy37_pp73-manylinux_2_17_x86_64.manylinux2014_x86_64.whl", hash = "sha256:182a0e5ce9382a0a77aab8407ead303b6e310c673a46b18937fa1a90c22ccbc4"},
    {file = "pydantic_core-2.0.1-pp37-pypy37_pp73-manylinux_2_5_i686.manylinux1_i686.whl", hash = "sha256:b83e11a68936f80ee92ef1001bf6b9fedf0602396acc417b16a9c136a9b3b7bd"},
    {file = "pydantic_core-2.0.1-pp37-pypy37_pp73-musllinux_1_1_aarch64.whl", hash = "sha256:5e4a918eeae2c566fdcad9ee89d8708a59dc5ec3d5083b61a886b19f82f69f5c"},
    {file = "pydantic_core-2.0.1-pp37-pypy37_pp73-musllinux_1_1_x86_64.whl", hash = "sha256:88b56a4e7480f4f22fa2faefdb0a887d70420d9cd8cb160677e8abe46769e7b0"},
    {file = "pydantic_core-2.0.1-pp38-pypy38_pp73-macosx_10_7_x86_64.whl", hash = "sha256:3a85fde791e6567f879b50b59f1740afc55333060d93548d6bbb46bf1b6a1b49"},
    {file = "pydantic_core-2.0.1-pp38-pypy38_pp73-manylinux_2_17_aarch64.manylinux2014_aarch64.whl", hash = "sha256:ef349e4ac794559c1538787a0fbce378a1beb991ef4f7707a6cde3156294259d"},
    {file = "pydantic_core-2.0.1-pp38-pypy38_pp73-manylinux_2_17_x86_64.manylinux2014_x86_64.whl", hash = "sha256:f0f90928ed48b91d93add357fb1e81cef729bffaff3ab88882b76549434b4574"},
    {file = "pydantic_core-2.0.1-pp38-pypy38_pp73-manylinux_2_5_i686.manylinux1_i686.whl", hash = "sha256:c3f8fea22690c6c33c4d36d2236732da29da560f815cd9aba1d3b5ab59dcb214"},
    {file = "pydantic_core-2.0.1-pp38-pypy38_pp73-musllinux_1_1_aarch64.whl", hash = "sha256:cbbefd38ef80b37d056592c366a164a37b4e87b12f0aba23c35087d890fb31ba"},
    {file = "pydantic_core-2.0.1-pp38-pypy38_pp73-musllinux_1_1_x86_64.whl", hash = "sha256:8945ba48644b45d4e66cc3e56b896e97fb1d7f166dd0ee1eb137bbfdf1285483"},
    {file = "pydantic_core-2.0.1-pp38-pypy38_pp73-win_amd64.whl", hash = "sha256:1c318bd2bdaa88ec078dc7932e108a9c43caeabc84d2cf545081fb6a99ed1b90"},
    {file = "pydantic_core-2.0.1-pp39-pypy39_pp73-macosx_10_7_x86_64.whl", hash = "sha256:7176ffa02c45d557cceb75f1290a2ddf53da680c6878aae54e69aafb21c52efd"},
    {file = "pydantic_core-2.0.1-pp39-pypy39_pp73-manylinux_2_17_aarch64.manylinux2014_aarch64.whl", hash = "sha256:176eb3ec03da4c36da7708d2398139e13d1130b3b3d1af4334a959f46278baa9"},
    {file = "pydantic_core-2.0.1-pp39-pypy39_pp73-manylinux_2_17_x86_64.manylinux2014_x86_64.whl", hash = "sha256:46bb28295082a22f3c7f5fa5546d669aed7eb43151ec0032e8c352c59f5e36af"},
    {file = "pydantic_core-2.0.1-pp39-pypy39_pp73-manylinux_2_5_i686.manylinux1_i686.whl", hash = "sha256:e4b4c836100e5f07189b0aea8b4afae326f169bfdef91e86fd90a0d3c27f0c75"},
    {file = "pydantic_core-2.0.1-pp39-pypy39_pp73-musllinux_1_1_aarch64.whl", hash = "sha256:b56f3758b82f26414a4dccd76f05c768df7bd2735e0ac43f3dfff2f5603d32a9"},
    {file = "pydantic_core-2.0.1-pp39-pypy39_pp73-musllinux_1_1_x86_64.whl", hash = "sha256:0c8877d9e0bd128f103a1b0f02899aa7d4be1104eef5dc35e2b633042b64a2d1"},
    {file = "pydantic_core-2.0.1-pp39-pypy39_pp73-win_amd64.whl", hash = "sha256:1672c8c36414c56adf704753b2d7e22e7528d7bd21cd357f24edeff76d4fd4ca"},
    {file = "pydantic_core-2.0.1.tar.gz", hash = "sha256:f9fffcb5507bff84a1312d1616406cad157806f105d78bd184d1e6b3b00e6417"},
]

[package.dependencies]
typing-extensions = [
    {version = ">=4.6.0", markers = "platform_python_implementation != \"PyPy\""},
    {version = ">=4.6.0,<4.7.0", markers = "platform_python_implementation == \"PyPy\""},
]

[[package]]
name = "pyyaml"
version = "5.3.1"
description = "YAML parser and emitter for Python"
optional = false
python-versions = "*"
files = [
    {file = "PyYAML-5.3.1-cp27-cp27m-win32.whl", hash = "sha256:74809a57b329d6cc0fdccee6318f44b9b8649961fa73144a98735b0aaf029f1f"},
    {file = "PyYAML-5.3.1-cp27-cp27m-win_amd64.whl", hash = "sha256:240097ff019d7c70a4922b6869d8a86407758333f02203e0fc6ff79c5dcede76"},
    {file = "PyYAML-5.3.1-cp35-cp35m-win32.whl", hash = "sha256:4f4b913ca1a7319b33cfb1369e91e50354d6f07a135f3b901aca02aa95940bd2"},
    {file = "PyYAML-5.3.1-cp35-cp35m-win_amd64.whl", hash = "sha256:cc8955cfbfc7a115fa81d85284ee61147059a753344bc51098f3ccd69b0d7e0c"},
    {file = "PyYAML-5.3.1-cp36-cp36m-win32.whl", hash = "sha256:7739fc0fa8205b3ee8808aea45e968bc90082c10aef6ea95e855e10abf4a37b2"},
    {file = "PyYAML-5.3.1-cp36-cp36m-win_amd64.whl", hash = "sha256:69f00dca373f240f842b2931fb2c7e14ddbacd1397d57157a9b005a6a9942648"},
    {file = "PyYAML-5.3.1-cp37-cp37m-win32.whl", hash = "sha256:d13155f591e6fcc1ec3b30685d50bf0711574e2c0dfffd7644babf8b5102ca1a"},
    {file = "PyYAML-5.3.1-cp37-cp37m-win_amd64.whl", hash = "sha256:73f099454b799e05e5ab51423c7bcf361c58d3206fa7b0d555426b1f4d9a3eaf"},
    {file = "PyYAML-5.3.1-cp38-cp38-win32.whl", hash = "sha256:06a0d7ba600ce0b2d2fe2e78453a470b5a6e000a985dd4a4e54e436cc36b0e97"},
    {file = "PyYAML-5.3.1-cp38-cp38-win_amd64.whl", hash = "sha256:95f71d2af0ff4227885f7a6605c37fd53d3a106fcab511b8860ecca9fcf400ee"},
    {file = "PyYAML-5.3.1-cp39-cp39-win32.whl", hash = "sha256:ad9c67312c84def58f3c04504727ca879cb0013b2517c85a9a253f0cb6380c0a"},
    {file = "PyYAML-5.3.1-cp39-cp39-win_amd64.whl", hash = "sha256:6034f55dab5fea9e53f436aa68fa3ace2634918e8b5994d82f3621c04ff5ed2e"},
    {file = "PyYAML-5.3.1.tar.gz", hash = "sha256:b8eac752c5e14d3eca0e6dd9199cd627518cb5ec06add0de9d32baeee6fe645d"},
]

[[package]]
name = "smmap"
version = "3.0.4"
description = "A pure Python implementation of a sliding window memory map manager"
optional = false
python-versions = ">=2.7, !=3.0.*, !=3.1.*, !=3.2.*, !=3.3.*"
files = [
    {file = "smmap-3.0.4-py2.py3-none-any.whl", hash = "sha256:54c44c197c819d5ef1991799a7e30b662d1e520f2ac75c9efbeb54a742214cf4"},
    {file = "smmap-3.0.4.tar.gz", hash = "sha256:9c98bbd1f9786d22f14b3d4126894d56befb835ec90cef151af566c7e19b5d24"},
]

[[package]]
name = "tabulate"
version = "0.9.0"
description = "Pretty-print tabular data"
optional = false
python-versions = ">=3.7"
files = [
    {file = "tabulate-0.9.0-py3-none-any.whl", hash = "sha256:024ca478df22e9340661486f85298cff5f6dcdba14f3813e8830015b9ed1948f"},
    {file = "tabulate-0.9.0.tar.gz", hash = "sha256:0095b12bf5966de529c0feb1fa08671671b3368eec77d7ef7ab114be2c068b3c"},
]

[package.extras]
widechars = ["wcwidth"]

[[package]]
name = "tomli"
version = "2.0.1"
description = "A lil' TOML parser"
optional = false
python-versions = ">=3.7"
files = [
    {file = "tomli-2.0.1-py3-none-any.whl", hash = "sha256:939de3e7a6161af0c887ef91b7d41a53e7c5a1ca976325f429cb46ea9bc30ecc"},
    {file = "tomli-2.0.1.tar.gz", hash = "sha256:de526c12914f0c550d15924c62d72abc48d6fe7364aa87328337a31007fe8a4f"},
]

[[package]]
name = "typing-extensions"
version = "4.6.3"
description = "Backported and Experimental Type Hints for Python 3.7+"
optional = false
python-versions = ">=3.7"
files = [
    {file = "typing_extensions-4.6.3-py3-none-any.whl", hash = "sha256:88a4153d8505aabbb4e13aacb7c486c2b4a33ca3b3f807914a9b4c844c471c26"},
    {file = "typing_extensions-4.6.3.tar.gz", hash = "sha256:d91d5919357fe7f681a9f2b5b4cb2a5f1ef0a1e9f59c4d8ff0d3491e05c0ffd5"},
]

[[package]]
name = "typing-extensions"
version = "4.7.1"
description = "Backported and Experimental Type Hints for Python 3.7+"
optional = false
python-versions = ">=3.7"
files = [
    {file = "typing_extensions-4.7.1-py3-none-any.whl", hash = "sha256:440d5dd3af93b060174bf433bccd69b0babc3b15b1a8dca43789fd7f61514b36"},
    {file = "typing_extensions-4.7.1.tar.gz", hash = "sha256:b75ddc264f0ba5615db7ba217daeb99701ad295353c45f9e95963337ceeeffb2"},
]

[[package]]
name = "virtualenv"
version = "20.21.0"
description = "Virtual Python Environment builder"
optional = false
python-versions = ">=3.7"
files = [
    {file = "virtualenv-20.21.0-py3-none-any.whl", hash = "sha256:31712f8f2a17bd06234fa97fdf19609e789dd4e3e4bf108c3da71d710651adbc"},
    {file = "virtualenv-20.21.0.tar.gz", hash = "sha256:f50e3e60f990a0757c9b68333c9fdaa72d7188caa417f96af9e52407831a3b68"},
]

[package.dependencies]
distlib = ">=0.3.6,<1"
filelock = ">=3.4.1,<4"
platformdirs = ">=2.4,<4"

[package.extras]
docs = ["furo (>=2022.12.7)", "proselint (>=0.13)", "sphinx (>=6.1.3)", "sphinx-argparse (>=0.4)", "sphinxcontrib-towncrier (>=0.2.1a0)", "towncrier (>=22.12)"]
test = ["covdefaults (>=2.2.2)", "coverage (>=7.1)", "coverage-enable-subprocess (>=1)", "flaky (>=3.7)", "packaging (>=23)", "pytest (>=7.2.1)", "pytest-env (>=0.8.1)", "pytest-freezegun (>=0.4.2)", "pytest-mock (>=3.10)", "pytest-randomly (>=3.12)", "pytest-timeout (>=2.1)"]

[metadata]
lock-version = "2.0"
python-versions = "^3.8"
content-hash = "c4bd73dbc8b129c40a0c2a7e1f86ef1022ef3992e3648c83789deacf3719bc66"
